{
  "name": "fluxus-contracts",
  "lockfileVersion": 2,
  "requires": true,
  "packages": {
    "": {
      "dependencies": {
        "substring": "^1.0.0"
      }
    },
    "node_modules/substring": {
      "version": "1.0.0",
      "resolved": "https://registry.npmjs.org/substring/-/substring-1.0.0.tgz",
      "integrity": "sha512-5qAJYmvS9k+OsbiOLf4FVtzXhb66isWP4tinWl/wAmWt760vbkqsCUV/GJMvxKwu83Y15swGV76w4KZHfTEKzQ=="
    }
  },
  "dependencies": {
    "substring": {
      "version": "1.0.0",
      "resolved": "https://registry.npmjs.org/substring/-/substring-1.0.0.tgz",
      "integrity": "sha512-5qAJYmvS9k+OsbiOLf4FVtzXhb66isWP4tinWl/wAmWt760vbkqsCUV/GJMvxKwu83Y15swGV76w4KZHfTEKzQ=="
    }
  }
}
